
Microsoft Visual Studio Solution File, Format Version 12.00
# Visual Studio Version 17
VisualStudioVersion = 17.8.34330.188
MinimumVisualStudioVersion = 10.0.40219.1
Project("{9A19103F-16F7-4668-BE54-9A1E7A4F7556}") = "ProductHub", "ProductHub\ProductHub.csproj", "{4351E6F5-E9DF-4F20-BF89-197B2DFD1CCC}"
EndProject
Project("{9A19103F-16F7-4668-BE54-9A1E7A4F7556}") = "ProductHub.Database", "ProductHub.Database\ProductHub.Database.csproj", "{D4A63D06-8DE0-4502-86E0-EA808CE1DE0D}"
EndProject
Project("{9A19103F-16F7-4668-BE54-9A1E7A4F7556}") = "ProductHub.Storage", "ProductHub.Storage\ProductHub.Storage.csproj", "{5C0FA7AC-9CB6-473D-B322-7638F4BA91F8}"
EndProject
Project("{FAE04EC0-301F-11D3-BF4B-00C04F79EFBC}") = "ProductHub.UnitTesting", "ProductHub.UnitTesting\ProductHub.UnitTesting.csproj", "{22931DB8-C4BC-4C33-B211-2FDA870F7213}"
EndProject
Global
	GlobalSection(SolutionConfigurationPlatforms) = preSolution
		Debug|Any CPU = Debug|Any CPU
		Release|Any CPU = Release|Any CPU
	EndGlobalSection
	GlobalSection(ProjectConfigurationPlatforms) = postSolution
		{4351E6F5-E9DF-4F20-BF89-197B2DFD1CCC}.Debug|Any CPU.ActiveCfg = Debug|Any CPU
		{4351E6F5-E9DF-4F20-BF89-197B2DFD1CCC}.Debug|Any CPU.Build.0 = Debug|Any CPU
		{4351E6F5-E9DF-4F20-BF89-197B2DFD1CCC}.Release|Any CPU.ActiveCfg = Release|Any CPU
		{4351E6F5-E9DF-4F20-BF89-197B2DFD1CCC}.Release|Any CPU.Build.0 = Release|Any CPU
		{D4A63D06-8DE0-4502-86E0-EA808CE1DE0D}.Debug|Any CPU.ActiveCfg = Debug|Any CPU
		{D4A63D06-8DE0-4502-86E0-EA808CE1DE0D}.Debug|Any CPU.Build.0 = Debug|Any CPU
		{D4A63D06-8DE0-4502-86E0-EA808CE1DE0D}.Release|Any CPU.ActiveCfg = Release|Any CPU
		{D4A63D06-8DE0-4502-86E0-EA808CE1DE0D}.Release|Any CPU.Build.0 = Release|Any CPU
		{5C0FA7AC-9CB6-473D-B322-7638F4BA91F8}.Debug|Any CPU.ActiveCfg = Debug|Any CPU
		{5C0FA7AC-9CB6-473D-B322-7638F4BA91F8}.Debug|Any CPU.Build.0 = Debug|Any CPU
		{5C0FA7AC-9CB6-473D-B322-7638F4BA91F8}.Release|Any CPU.ActiveCfg = Release|Any CPU
		{5C0FA7AC-9CB6-473D-B322-7638F4BA91F8}.Release|Any CPU.Build.0 = Release|Any CPU
		{22931DB8-C4BC-4C33-B211-2FDA870F7213}.Debug|Any CPU.ActiveCfg = Debug|Any CPU
		{22931DB8-C4BC-4C33-B211-2FDA870F7213}.Debug|Any CPU.Build.0 = Debug|Any CPU
		{22931DB8-C4BC-4C33-B211-2FDA870F7213}.Release|Any CPU.ActiveCfg = Release|Any CPU
		{22931DB8-C4BC-4C33-B211-2FDA870F7213}.Release|Any CPU.Build.0 = Release|Any CPU
	EndGlobalSection
	GlobalSection(SolutionProperties) = preSolution
		HideSolutionNode = FALSE
	EndGlobalSection
	GlobalSection(ExtensibilityGlobals) = postSolution
		SolutionGuid = {1B16401A-B95D-4F83-BAF2-73EBC11E2DCB}
	EndGlobalSection
EndGlobal
